
Microsoft Visual Studio Solution File, Format Version 12.00
# Visual Studio Version 16
VisualStudioVersion = 16.0.30717.126
MinimumVisualStudioVersion = 10.0.40219.1
Project("{FAE04EC0-301F-11D3-BF4B-00C04F79EFBC}") = "Functions", "ConsoleApp1\Functions.csproj", "{A42E7527-1FBE-4790-989A-73238D630A33}"
EndProject
Project("{FAE04EC0-301F-11D3-BF4B-00C04F79EFBC}") = "Tests", "Tests\Tests.csproj", "{773A43C3-3D39-4679-A2A2-DDF152806C07}"
EndProject
Global
	GlobalSection(SolutionConfigurationPlatforms) = preSolution
		Debug|Any CPU = Debug|Any CPU
		Release|Any CPU = Release|Any CPU
	EndGlobalSection
	GlobalSection(ProjectConfigurationPlatforms) = postSolution
		{A42E7527-1FBE-4790-989A-73238D630A33}.Debug|Any CPU.ActiveCfg = Debug|Any CPU
		{A42E7527-1FBE-4790-989A-73238D630A33}.Debug|Any CPU.Build.0 = Debug|Any CPU
		{A42E7527-1FBE-4790-989A-73238D630A33}.Release|Any CPU.ActiveCfg = Release|Any CPU
		{A42E7527-1FBE-4790-989A-73238D630A33}.Release|Any CPU.Build.0 = Release|Any CPU
		{773A43C3-3D39-4679-A2A2-DDF152806C07}.Debug|Any CPU.ActiveCfg = Debug|Any CPU
		{773A43C3-3D39-4679-A2A2-DDF152806C07}.Debug|Any CPU.Build.0 = Debug|Any CPU
		{773A43C3-3D39-4679-A2A2-DDF152806C07}.Release|Any CPU.ActiveCfg = Release|Any CPU
		{773A43C3-3D39-4679-A2A2-DDF152806C07}.Release|Any CPU.Build.0 = Release|Any CPU
	EndGlobalSection
	GlobalSection(SolutionProperties) = preSolution
		HideSolutionNode = FALSE
	EndGlobalSection
	GlobalSection(ExtensibilityGlobals) = postSolution
		SolutionGuid = {17C00F31-68F3-4441-A44E-3A4AA21B7750}
	EndGlobalSection
EndGlobal
